# THIS IS AN AUTOGENERATED FILE. DO NOT EDIT THIS FILE DIRECTLY.
# yarn lockfile v1


"@types/unist@^2.0.0", "@types/unist@^2.0.2":
  version "2.0.3"
  resolved "https://registry.yarnpkg.com/@types/unist/-/unist-2.0.3.tgz#9c088679876f374eb5983f150d4787aa6fb32d7e"
  integrity sha512-FvUupuM3rlRsRtCN+fDudtmytGO6iHJuuRKS1Ss0pG5z8oX0diNEw94UEL7hgDbpN94rgaK5R7sWm6RrSkZuAQ==

ansi-regex@^5.0.0:
  version "5.0.0"
  resolved "https://registry.yarnpkg.com/ansi-regex/-/ansi-regex-5.0.0.tgz#388539f55179bf39339c81af30a654d69f87cb75"
  integrity sha512-bY6fj56OUQ0hU1KjFNDQuJFezqKdrAyFdIevADiqrWHwSlbmBNMHp5ak2f40Pm8JTFyM2mqxkG6ngkHO11f/lg==

array-iterate@^1.0.0:
  version "1.1.4"
  resolved "https://registry.yarnpkg.com/array-iterate/-/array-iterate-1.1.4.tgz#add1522e9dd9749bb41152d08b845bd08d6af8b7"
  integrity sha512-sNRaPGh9nnmdC8Zf+pT3UqP8rnWj5Hf9wiFGsX3wUQ2yVSIhO2ShFwCoceIPpB41QF6i2OEmrHmCo36xronCVA==

collapse-white-space@^1.0.0:
  version "1.0.6"
  resolved "https://registry.yarnpkg.com/collapse-white-space/-/collapse-white-space-1.0.6.tgz#e63629c0016665792060dbbeb79c42239d2c5287"
  integrity sha512-jEovNnrhMuqyCcjfEJA56v0Xq8SkIoPKDyaHahwo3POf4qcSXqMYuwNcOTzp74vTsR9Tn08z4MxWqAhcekogkQ==

emoji-regex@^8.0.0:
  version "8.0.0"
  resolved "https://registry.yarnpkg.com/emoji-regex/-/emoji-regex-8.0.0.tgz#e818fd69ce5ccfcb404594f842963bf53164cc37"
  integrity sha512-MSjYzcWNOA0ewAHpz0MxpYFvwg6yjy1NG3xteoqz644VCo/RPgnr1/GGt+ic3iJTzQ8Eu3TdM14SawnVUmGE6A==

has-flag@^3.0.0:
  version "3.0.0"
  resolved "https://registry.yarnpkg.com/has-flag/-/has-flag-3.0.0.tgz#b5d454dc2199ae225699f3467e5a07f3b955bafd"
  integrity sha1-tdRU3CGZriJWmfNGfloH87lVuv0=

hast-util-embedded@^1.0.0, hast-util-embedded@^1.0.1:
  version "1.0.5"
  resolved "https://registry.yarnpkg.com/hast-util-embedded/-/hast-util-embedded-1.0.5.tgz#daeb84ffad67cdaf5117cf64cc0e13de5f0889b8"
  integrity sha512-0FfLHmfArWOizbdwjL+Rc9QIBzqP80juicNl4S4NEPq5OYWBCgYrtYDPUDoSyQQ9IQlBn9W7++fpYQNzZSq/wQ==
  dependencies:
    hast-util-is-element "^1.0.0"

hast-util-has-property@^1.0.0:
  version "1.0.4"
  resolved "https://registry.yarnpkg.com/hast-util-has-property/-/hast-util-has-property-1.0.4.tgz#9f137565fad6082524b382c1e7d7d33ca5059f36"
  integrity sha512-ghHup2voGfgFoHMGnaLHOjbYFACKrRh9KFttdCzMCbFoBMJXiNi2+XTrPP8+q6cDJM/RSqlCfVWrjp1H201rZg==

hast-util-is-body-ok-link@^1.0.0:
  version "1.0.3"
  resolved "https://registry.yarnpkg.com/hast-util-is-body-ok-link/-/hast-util-is-body-ok-link-1.0.3.tgz#752b16a7ebd6d73d35dde55c02742c934a1aa47b"
  integrity sha512-NB8jW4iqT+iVld2oCjSk0T2S2FyR86rDZ7nKHx3WNf/WX16fjjdfoog6T+YeJFsPzszVKsNlVJL+k5c4asAHog==
  dependencies:
    hast-util-has-property "^1.0.0"
    hast-util-is-element "^1.0.0"

hast-util-is-element@^1.0.0:
  version "1.0.4"
  resolved "https://registry.yarnpkg.com/hast-util-is-element/-/hast-util-is-element-1.0.4.tgz#059090a05cc02e275df1ad02caf8cb422fcd2e02"
  integrity sha512-NFR6ljJRvDcyPP5SbV7MyPBgF47X3BsskLnmw1U34yL+X6YC0MoBx9EyMg8Jtx4FzGH95jw8+c1VPLHaRA0wDQ==

hast-util-phrasing@^1.0.0:
  version "1.0.5"
  resolved "https://registry.yarnpkg.com/hast-util-phrasing/-/hast-util-phrasing-1.0.5.tgz#45fb7d3efc70128b61491f9e3f080a554f138b1d"
  integrity sha512-P3uxm+8bnwcfAS/XpGie9wMmQXAQqsYhgQQKRwmWH/V6chiq0lmTy8KjQRJmYjusdMtNKGCUksdILSZy1suSpQ==
  dependencies:
    hast-util-embedded "^1.0.0"
    hast-util-has-property "^1.0.0"
    hast-util-is-body-ok-link "^1.0.0"
    hast-util-is-element "^1.0.0"

html-whitespace-sensitive-tag-names@^1.0.0:
  version "1.0.2"
  resolved "https://registry.yarnpkg.com/html-whitespace-sensitive-tag-names/-/html-whitespace-sensitive-tag-names-1.0.2.tgz#799324c6b1d8b4ada6af1d6d8e068abad79303fa"
  integrity sha512-9jCcAq9ZsjUkZjNFDvxalDPhktOijpfzLyzBcqMLOFSbtcDNrPlKDvZeH7KdEbP7C6OjPpIdDMMPm0oq2Dpk0A==

is-buffer@^2.0.0:
  version "2.0.4"
  resolved "https://registry.yarnpkg.com/is-buffer/-/is-buffer-2.0.4.tgz#3e572f23c8411a5cfd9557c849e3665e0b290623"
  integrity sha512-Kq1rokWXOPXWuaMAqZiJW4XxsmD9zGx9q4aePabbn3qCRGedtH7Cm+zV8WETitMfu1wdh+Rvd6w5egwSngUX2A==

is-fullwidth-code-point@^3.0.0:
  version "3.0.0"
  resolved "https://registry.yarnpkg.com/is-fullwidth-code-point/-/is-fullwidth-code-point-3.0.0.tgz#f116f8064fe90b3f7844a38997c0b75051269f1d"
  integrity sha512-zymm5+u+sCsSWyD9qNaejV3DFvhCKclKdizYaJUuHA83RLjb7nSuGnddCHGv0hk+KY7BMAlsWeK4Ueg6EV6XQg==

kleur@3.0.3:
  version "3.0.3"
  resolved "https://registry.yarnpkg.com/kleur/-/kleur-3.0.3.tgz#a79c9ecc86ee1ce3fa6206d1216c501f147fc07e"
  integrity sha512-eTIzlVOSUR+JxdDFepEYcBMtZ9Qqdef+rnzWdRZuMbOywu5tO2w2N7rqjoANZ5k9vywhL6Br1VRjUIgTQx4E8w==

mri@^1.1.0:
  version "1.1.5"
  resolved "https://registry.yarnpkg.com/mri/-/mri-1.1.5.tgz#ce21dba2c69f74a9b7cf8a1ec62307e089e223e0"
  integrity sha512-d2RKzMD4JNyHMbnbWnznPaa8vbdlq/4pNZ3IgdaGrVbBhebBsGUUE/6qorTMYNS6TwuH3ilfOlD2bf4Igh8CKg==

rehype-format@3.0.1:
  version "3.0.1"
  resolved "https://registry.yarnpkg.com/rehype-format/-/rehype-format-3.0.1.tgz#b28da779e1847722facbb6865c4a44677c839fb6"
  integrity sha512-rBIoIt63o+aKqIXyWV/lKE5dRoqXZkNjADvdVxHeSWqv862Y34FfcQJlXpLglhMIGrSW3GODEtdHyN+XTmdAHw==
  dependencies:
    hast-util-embedded "^1.0.1"
    hast-util-phrasing "^1.0.0"
    html-whitespace-sensitive-tag-names "^1.0.0"
    rehype-minify-whitespace "^3.0.0"
    repeat-string "^1.5.4"
    unist-util-visit-parents "^3.0.0"

rehype-minify-whitespace@^3.0.0:
  version "3.0.0"
  resolved "https://registry.yarnpkg.com/rehype-minify-whitespace/-/rehype-minify-whitespace-3.0.0.tgz#13475cd3b16d02fcf2eb228c9304c35a835d81e2"
  integrity sha512-Z5NIG9FxTeK2Ta+eTWCnTVPXu1qC58eCXZA3m/Z7PPinKw82KSR+12c2l1sLLSg27QZOmZrrd9piS8dsAVfliQ==
  dependencies:
    collapse-white-space "^1.0.0"
    hast-util-embedded "^1.0.0"
    hast-util-has-property "^1.0.0"
    hast-util-is-body-ok-link "^1.0.0"
    hast-util-is-element "^1.0.0"
    html-whitespace-sensitive-tag-names "^1.0.0"
    unist-util-is "^4.0.0"
    unist-util-modify-children "^1.0.0"

repeat-string@^1.5.0, repeat-string@^1.5.4:
  version "1.6.1"
  resolved "https://registry.yarnpkg.com/repeat-string/-/repeat-string-1.6.1.tgz#8dcae470e1c88abc2d600fff4a776286da75e637"
  integrity sha1-jcrkcOHIirwtYA//Sndihtp15jc=

replace-ext@1.0.0:
  version "1.0.0"
  resolved "https://registry.yarnpkg.com/replace-ext/-/replace-ext-1.0.0.tgz#de63128373fcbf7c3ccfa4de5a480c45a67958eb"
  integrity sha1-3mMSg3P8v3w8z6TeWkgMRaZ5WOs=

sade@1.7.3:
  version "1.7.3"
  resolved "https://registry.yarnpkg.com/sade/-/sade-1.7.3.tgz#a217ccc4fb4abb2d271648bf48f6628b2636fa1b"
  integrity sha512-m4BctppMvJ60W1dXnHq7jMmFe3hPJZDAH85kQ3ACTo7XZNVUuTItCQ+2HfyaMeV5cKrbw7l4vD/6We3GBxvdJw==
  dependencies:
    mri "^1.1.0"

string-width@^4.0.0:
  version "4.2.0"
  resolved "https://registry.yarnpkg.com/string-width/-/string-width-4.2.0.tgz#952182c46cc7b2c313d1596e623992bd163b72b5"
  integrity sha512-zUz5JD+tgqtuDjMhwIg5uFVV3dtqZ9yQJlZVfq4I01/K5Paj5UHj7VyrQOJvzawSVlKpObApbfD0Ed6yJc+1eg==
  dependencies:
    emoji-regex "^8.0.0"
    is-fullwidth-code-point "^3.0.0"
    strip-ansi "^6.0.0"

strip-ansi@^6.0.0:
  version "6.0.0"
  resolved "https://registry.yarnpkg.com/strip-ansi/-/strip-ansi-6.0.0.tgz#0b1571dd7669ccd4f3e06e14ef1eed26225ae532"
  integrity sha512-AuvKTrTfQNYNIctbR1K/YGTR1756GycPsg7b9bdV9Duqur4gv6aKqHXah67Z8ImS7WEz5QVcOtlfW2rZEugt6w==
  dependencies:
    ansi-regex "^5.0.0"

supports-color@^6.0.0:
  version "6.1.0"
  resolved "https://registry.yarnpkg.com/supports-color/-/supports-color-6.1.0.tgz#0764abc69c63d5ac842dd4867e8d025e880df8f3"
  integrity sha512-qe1jfm1Mg7Nq/NSh6XE24gPXROEVsWHxC1LIx//XNlD9iw7YZQGjZNjYN7xGaEG6iKdA8EtNFW6R0gjnVXp+wQ==
  dependencies:
    has-flag "^3.0.0"

to-vfile@6.1.0:
  version "6.1.0"
  resolved "https://registry.yarnpkg.com/to-vfile/-/to-vfile-6.1.0.tgz#5f7a3f65813c2c4e34ee1f7643a5646344627699"
  integrity sha512-BxX8EkCxOAZe+D/ToHdDsJcVI4HqQfmw0tCkp31zf3dNP/XWIAjU4CmeuSwsSoOzOTqHPOL0KUzyZqJplkD0Qw==
  dependencies:
    is-buffer "^2.0.0"
    vfile "^4.0.0"

unist-util-is@^4.0.0:
  version "4.0.2"
  resolved "https://registry.yarnpkg.com/unist-util-is/-/unist-util-is-4.0.2.tgz#c7d1341188aa9ce5b3cff538958de9895f14a5de"
  integrity sha512-Ofx8uf6haexJwI1gxWMGg6I/dLnF2yE+KibhD3/diOqY2TinLcqHXCV6OI5gFVn3xQqDH+u0M625pfKwIwgBKQ==

unist-util-modify-children@^1.0.0:
  version "1.1.6"
  resolved "https://registry.yarnpkg.com/unist-util-modify-children/-/unist-util-modify-children-1.1.6.tgz#1587130ca0ab5c56155fa60837ff524c3fbfbfaa"
  integrity sha512-TOA6W9QLil+BrHqIZNR4o6IA5QwGOveMbnQxnWYq+7EFORx9vz/CHrtzF36zWrW61E2UKw7sM1KPtIgeceVwXw==
  dependencies:
    array-iterate "^1.0.0"

unist-util-stringify-position@^2.0.0:
  version "2.0.3"
  resolved "https://registry.yarnpkg.com/unist-util-stringify-position/-/unist-util-stringify-position-2.0.3.tgz#cce3bfa1cdf85ba7375d1d5b17bdc4cada9bd9da"
  integrity sha512-3faScn5I+hy9VleOq/qNbAd6pAx7iH5jYBMS9I1HgQVijz/4mv5Bvw5iw1sC/90CODiKo81G/ps8AJrISn687g==
  dependencies:
    "@types/unist" "^2.0.2"

unist-util-visit-parents@^3.0.0:
  version "3.0.2"
  resolved "https://registry.yarnpkg.com/unist-util-visit-parents/-/unist-util-visit-parents-3.0.2.tgz#d4076af3011739c71d2ce99d05de37d545f4351d"
  integrity sha512-yJEfuZtzFpQmg1OSCyS9M5NJRrln/9FbYosH3iW0MG402QbdbaB8ZESwUv9RO6nRfLAKvWcMxCwdLWOov36x/g==
  dependencies:
    "@types/unist" "^2.0.0"
    unist-util-is "^4.0.0"

vfile-message@^2.0.0:
  version "2.0.4"
  resolved "https://registry.yarnpkg.com/vfile-message/-/vfile-message-2.0.4.tgz#5b43b88171d409eae58477d13f23dd41d52c371a"
  integrity sha512-DjssxRGkMvifUOJre00juHoP9DPWuzjxKuMDrhNbk2TdaYYBNMStsNhEOt3idrtI12VQYM/1+iM0KOzXi4pxwQ==
  dependencies:
    "@types/unist" "^2.0.0"
    unist-util-stringify-position "^2.0.0"

vfile-reporter@6.0.1:
  version "6.0.1"
  resolved "https://registry.yarnpkg.com/vfile-reporter/-/vfile-reporter-6.0.1.tgz#45d4dc11df2e312196ea2ceb95e42a67fc8ce814"
  integrity sha512-0OppK9mo8G2XUpv+hIKLVSDsoxJrXnOy73+vIm0jQUOUFYRduqpFHX+QqAQfvRHyX9B0UFiRuNJnBOjQCIsw1g==
  dependencies:
    repeat-string "^1.5.0"
    string-width "^4.0.0"
    supports-color "^6.0.0"
    unist-util-stringify-position "^2.0.0"
    vfile-sort "^2.1.2"
    vfile-statistics "^1.1.0"

vfile-sort@^2.1.2:
  version "2.2.2"
  resolved "https://registry.yarnpkg.com/vfile-sort/-/vfile-sort-2.2.2.tgz#720fe067ce156aba0b411a01bb0dc65596aa1190"
  integrity sha512-tAyUqD2R1l/7Rn7ixdGkhXLD3zsg+XLAeUDUhXearjfIcpL1Hcsj5hHpCoy/gvfK/Ws61+e972fm0F7up7hfYA==

vfile-statistics@^1.1.0:
  version "1.1.4"
  resolved "https://registry.yarnpkg.com/vfile-statistics/-/vfile-statistics-1.1.4.tgz#b99fd15ecf0f44ba088cc973425d666cb7a9f245"
  integrity sha512-lXhElVO0Rq3frgPvFBwahmed3X03vjPF8OcjKMy8+F1xU/3Q3QU3tKEDp743SFtb74PdF0UWpxPvtOP0GCLheA==

vfile@^4.0.0:
  version "4.1.0"
  resolved "https://registry.yarnpkg.com/vfile/-/vfile-4.1.0.tgz#d79248957f43225d57ff67a56effc67bef08946e"
  integrity sha512-BaTPalregj++64xbGK6uIlsurN3BCRNM/P2Pg8HezlGzKd1O9PrwIac6bd9Pdx2uTb0QHoioZ+rXKolbVXEgJg==
  dependencies:
    "@types/unist" "^2.0.0"
    is-buffer "^2.0.0"
    replace-ext "1.0.0"
    unist-util-stringify-position "^2.0.0"
    vfile-message "^2.0.0"
